{
  "version": "5",
  "specifiers": {
    "npm:@0gfoundation/0g-ts-sdk@1.2.8": "1.2.8_ethers@6.16.0",
    "npm:@supabase/supabase-js@^2.45.0": "2.105.4",
    "npm:ethers@6.13.0": "6.13.0",
    "npm:ethers@^6.16.0": "6.16.0",
    "npm:typescript@^5.5.0": "5.9.3"
  },
  "npm": {
    "@0gfoundation/0g-ts-sdk@1.2.8_ethers@6.16.0": {
      "integrity": "sha512-JuPwdo1gugDWgCD+45y71xxGdjNaO5BIG0kRMas8JqWvRJHvK63pHy5m3cbIm+5CLB/vmMaEBbvVWVETcsRhNg==",
      "dependencies": [
        "@ethersproject/bytes",
        "@ethersproject/keccak256",
        "@noble/ciphers",
        "@noble/curves@1.9.7",
        "@noble/hashes@1.8.0",
        "ethers@6.16.0",
        "open-jsonrpc-provider"
      ],
      "deprecated": true
    },
    "@adraffy/ens-normalize@1.10.1": {
      "integrity": "sha512-96Z2IP3mYmF1Xg2cDm8f1gWGf/HUVedQ3FMifV4kG/PQ4yEP51xDtRAEfhVNt5f/uzpNkZHwWQuUcu6D6K+Ekw=="
    },
    "@ethersproject/bytes@5.8.0": {
      "integrity": "sha512-vTkeohgJVCPVHu5c25XWaWQOZ4v+DkGoC42/TS2ond+PARCxTJvgTFUNDZovyQ/uAQ4EcpqqowKydcdmRKjg7A==",
      "dependencies": [
        "@ethersproject/logger"
      ]
    },
    "@ethersproject/keccak256@5.8.0": {
      "integrity": "sha512-A1pkKLZSz8pDaQ1ftutZoaN46I6+jvuqugx5KYNeQOPqq+JZ0Txm7dlWesCHB5cndJSu5vP2VKptKf7cksERng==",
      "dependencies": [
        "@ethersproject/bytes",
        "js-sha3"
      ]
    },
    "@ethersproject/logger@5.8.0": {
      "integrity": "sha512-Qe6knGmY+zPPWTC+wQrpitodgBfH7XoceCGL5bJVejmH+yCS3R8jJm8iiWuvWbG76RUmyEG53oqv6GMVWqunjA=="
    },
    "@noble/ciphers@1.3.0": {
      "integrity": "sha512-2I0gnIVPtfnMw9ee9h1dJG7tp81+8Ob3OJb3Mv37rx5L40/b0i7djjCVvGOVqc9AEIQyvyu1i6ypKdFw8R8gQw=="
    },
    "@noble/curves@1.2.0": {
      "integrity": "sha512-oYclrNgRaM9SsBUBVbb8M6DTV7ZHRTKugureoYEncY5c65HOmRzvSiTE3y5CYaPYJA/GVkrhXEoF0M3Ya9PMnw==",
      "dependencies": [
        "@noble/hashes@1.3.2"
      ]
    },
    "@noble/curves@1.9.7": {
      "integrity": "sha512-gbKGcRUYIjA3/zCCNaWDciTMFI0dCkvou3TL8Zmy5Nc7sJ47a0jtOeZoTaMxkuqRo9cRhjOdZJXegxYE5FN/xw==",
      "dependencies": [
        "@noble/hashes@1.8.0"
      ]
    },
    "@noble/hashes@1.3.2": {
      "integrity": "sha512-MVC8EAQp7MvEcm30KWENFjgR+Mkmf+D189XJTkFIlwohU5hcBbn1ZkKq7KVTi2Hme3PMGF390DaL52beVrIihQ=="
    },
    "@noble/hashes@1.8.0": {
      "integrity": "sha512-jCs9ldd7NwzpgXDIf6P3+NrHh9/sD6CQdxHyjQI+h/6rDNo88ypBxxz45UDuZHz9r3tNz7N/VInSVoVdtXEI4A=="
    },
    "@supabase/auth-js@2.105.4": {
      "integrity": "sha512-Ejfa37M5xoIwoxVebxRahnwubPo8g22qkXQ4p50+N9MIvU9UZoN+A8dwVPtczzGf8oV/YXN80ZPxK4aWXuSN/A==",
      "dependencies": [
        "tslib@2.8.1"
      ]
    },
    "@supabase/functions-js@2.105.4": {
      "integrity": "sha512-JVNKbBft3Qkja+WlGaE026AJ2AH9K0UTsxsfvEIHgd4zFrBor4BYRCrYFrv9IDsvVqkF72wKDsODJl5GY/C4tA==",
      "dependencies": [
        "tslib@2.8.1"
      ]
    },
    "@supabase/phoenix@0.4.2": {
      "integrity": "sha512-YSAGnmDAfuleFCVt3CeurQZAhxRfXWeZIIkwp7NhYzQ1UwW6ePSnzsFAiUm/mbCkfoCf70QQHKW/K6RKh52a4A=="
    },
    "@supabase/postgrest-js@2.105.4": {
      "integrity": "sha512-SppIyLo/kTwIlz1qpv2HN1EQqBg0GVktrDDFsXygYROha3MgVn4rT7p5EjFHFqXQm2rdRGb/BI7bc+jr10m91w==",
      "dependencies": [
        "tslib@2.8.1"
      ]
    },
    "@supabase/realtime-js@2.105.4": {
      "integrity": "sha512-6ov6c59+8D9h7q4M4Gy/uDJlC0Akxl9/714Y+6vJ+Sijuc16TS/p5DwhfRCLNcIhNiej1gEt+CQUwsjiPt4PxQ==",
      "dependencies": [
        "@supabase/phoenix",
        "tslib@2.8.1"
      ]
    },
    "@supabase/storage-js@2.105.4": {
      "integrity": "sha512-Jx+pzMP1Whjof2PWHoVBUA75/p7PQE9CqKBzn1oXVyJDOggMLSH2OzVWwsXYaxEpdC1K/KltwmOX44nL3LHl9g==",
      "dependencies": [
        "iceberg-js",
        "tslib@2.8.1"
      ]
    },
    "@supabase/supabase-js@2.105.4": {
      "integrity": "sha512-cEnx+k49knU+qdIP7rXwR6fqEXPHZs+74xFK1R0S8MgQ7v9tbePVdGxvO03n3bPympMdJWVLadARBfU4TgNHCQ==",
      "dependencies": [
        "@supabase/auth-js",
        "@supabase/functions-js",
        "@supabase/postgrest-js",
        "@supabase/realtime-js",
        "@supabase/storage-js"
      ]
    },
    "@types/node@18.15.13": {
      "integrity": "sha512-N+0kuo9KgrUQ1Sn/ifDXsvg0TTleP7rIy4zOBGECxAljqvqfqpTfzx0Q1NUedOixRMBfe2Whhb056a42cWs26Q=="
    },
    "@types/node@22.7.5": {
      "integrity": "sha512-jML7s2NAzMWc//QSJ1a3prpk78cOPchGvXJsC3C6R6PSMoooztvRVQEz89gmBTBY1SPMaqo5teB4uNHPdetShQ==",
      "dependencies": [
        "undici-types"
      ]
    },
    "aes-js@4.0.0-beta.5": {
      "integrity": "sha512-G965FqalsNyrPqgEGON7nIx1e/OVENSgiEIzyC63haUMuvNnwIgIjMs52hlTCKhkBny7A2ORNlfY9Zu+jmGk1Q=="
    },
    "asynckit@0.4.0": {
      "integrity": "sha512-Oei9OH4tRh0YqU3GxhX79dM/mwVgvbZJaSNaRk+bshkj0S5cfHcgYakreBjrHwatXKbz+IoIdYLxrKim2MjW0Q=="
    },
    "axios@0.27.2": {
      "integrity": "sha512-t+yRIyySRTp/wua5xEr+z1q60QmLq8ABsS5O9Me1AsE5dfKqgnCFzwiCZZ/cGNd1lq4/7akDWMxdhVlucjmnOQ==",
      "dependencies": [
        "follow-redirects",
        "form-data"
      ]
    },
    "bufferutil@4.1.0": {
      "integrity": "sha512-ZMANVnAixE6AWWnPzlW2KpUrxhm9woycYvPOo67jWHyFowASTEd9s+QN1EIMsSDtwhIxN4sWE1jotpuDUIgyIw==",
      "dependencies": [
        "node-gyp-build"
      ],
      "scripts": true
    },
    "call-bind-apply-helpers@1.0.2": {
      "integrity": "sha512-Sp1ablJ0ivDkSzjcaJdxEunN5/XvksFJ2sMBFfq6x0ryhQV/2b/KwFe21cMpmHtPOSij8K99/wSfoEuTObmuMQ==",
      "dependencies": [
        "es-errors",
        "function-bind"
      ]
    },
    "combined-stream@1.0.8": {
      "integrity": "sha512-FQN4MRfuJeHf7cBbBMJFXhKSDq+2kAArBlmRBvcvFE5BB1HZKXtSFASDhdlz9zOYwxh8lDdnvmMOe/+5cdoEdg==",
      "dependencies": [
        "delayed-stream"
      ]
    },
    "d@1.0.2": {
      "integrity": "sha512-MOqHvMWF9/9MX6nza0KgvFH4HpMU0EF5uUDXqX/BtxtU8NfB0QzRtJ8Oe/6SuS4kbhyzVJwjd97EA4PKrzJ8bw==",
      "dependencies": [
        "es5-ext",
        "type"
      ]
    },
    "debug@2.6.9": {
      "integrity": "sha512-bC7ElrdJaJnPbAP+1EotYvqZsb3ecl5wi6Bfi6BJTUcNowp6cvspg0jXznRTKDjm/E7AdgFBVeAPVMNcKGsHMA==",
      "dependencies": [
        "ms"
      ]
    },
    "delayed-stream@1.0.0": {
      "integrity": "sha512-ZySD7Nf91aLB0RxL4KGrKHBXl7Eds1DAmEdcoVawXnLD7SDhpNgtuII2aAkg7a7QS41jxPSZ17p4VdGnMHk3MQ=="
    },
    "dunder-proto@1.0.1": {
      "integrity": "sha512-KIN/nDJBQRcXw0MLVhZE9iQHmG68qAVIBg9CqmUYjmQIhgij9U5MFvrqkUL5FbtyyzZuOeOt0zdeRe4UY7ct+A==",
      "dependencies": [
        "call-bind-apply-helpers",
        "es-errors",
        "gopd"
      ]
    },
    "es-define-property@1.0.1": {
      "integrity": "sha512-e3nRfgfUZ4rNGL232gUgX06QNyyez04KdjFrF+LTRoOXmrOgFKDg4BCdsjW8EnT69eqdYGmRpJwiPVYNrCaW3g=="
    },
    "es-errors@1.3.0": {
      "integrity": "sha512-Zf5H2Kxt2xjTvbJvP2ZWLEICxA6j+hAmMzIlypy4xcBg1vKVnx89Wy0GbS+kf5cwCVFFzdCFh2XSCFNULS6csw=="
    },
    "es-object-atoms@1.1.1": {
      "integrity": "sha512-FGgH2h8zKNim9ljj7dankFPcICIK9Cp5bm+c2gQSYePhpaG5+esrLODihIorn+Pe6FGJzWhXQotPv73jTaldXA==",
      "dependencies": [
        "es-errors"
      ]
    },
    "es-set-tostringtag@2.1.0": {
      "integrity": "sha512-j6vWzfrGVfyXxge+O0x5sh6cvxAog0a/4Rdd2K36zCMV5eJ+/+tOAngRO8cODMNWbVRdVlmGZQL2YS3yR8bIUA==",
      "dependencies": [
        "es-errors",
        "get-intrinsic",
        "has-tostringtag",
        "hasown"
      ]
    },
    "es5-ext@0.10.64": {
      "integrity": "sha512-p2snDhiLaXe6dahss1LddxqEm+SkuDvV8dnIQG0MWjyHpcMNfXKPE+/Cc0y+PhxJX3A4xGNeFCj5oc0BUh6deg==",
      "dependencies": [
        "es6-iterator",
        "es6-symbol",
        "esniff",
        "next-tick"
      ],
      "scripts": true
    },
    "es6-iterator@2.0.3": {
      "integrity": "sha512-zw4SRzoUkd+cl+ZoE15A9o1oQd920Bb0iOJMQkQhl3jNc03YqVjAhG7scf9C5KWRU/R13Orf588uCC6525o02g==",
      "dependencies": [
        "d",
        "es5-ext",
        "es6-symbol"
      ]
    },
    "es6-symbol@3.1.4": {
      "integrity": "sha512-U9bFFjX8tFiATgtkJ1zg25+KviIXpgRvRHS8sau3GfhVzThRQrOeksPeT0BWW2MNZs1OEWJ1DPXOQMn0KKRkvg==",
      "dependencies": [
        "d",
        "ext"
      ]
    },
    "esniff@2.0.1": {
      "integrity": "sha512-kTUIGKQ/mDPFoJ0oVfcmyJn4iBDRptjNVIzwIFR7tqWXdVI9xfA2RMwY/gbSpJG3lkdWNEjLap/NqVHZiJsdfg==",
      "dependencies": [
        "d",
        "es5-ext",
        "event-emitter",
        "type"
      ]
    },
    "ethers@6.13.0": {
      "integrity": "sha512-+yyQQQWEntY5UVbCv++guA14RRVFm1rSnO1GoLFdrK7/XRWMoktNgyG9UjwxrQqGBfGyFKknNZ81YpUS2emCgg==",
      "dependencies": [
        "@adraffy/ens-normalize",
        "@noble/curves@1.2.0",
        "@noble/hashes@1.3.2",
        "@types/node@18.15.13",
        "aes-js",
        "tslib@2.4.0",
        "ws@8.5.0"
      ]
    },
    "ethers@6.16.0": {
      "integrity": "sha512-U1wulmetNymijEhpSEQ7Ct/P/Jw9/e7R1j5XIbPRydgV2DjLVMsULDlNksq3RQnFgKoLlZf88ijYtWEXcPa07A==",
      "dependencies": [
        "@adraffy/ens-normalize",
        "@noble/curves@1.2.0",
        "@noble/hashes@1.3.2",
        "@types/node@22.7.5",
        "aes-js",
        "tslib@2.7.0",
        "ws@8.17.1"
      ]
    },
    "event-emitter@0.3.5": {
      "integrity": "sha512-D9rRn9y7kLPnJ+hMq7S/nhvoKwwvVJahBi2BPmx3bvbsEdK3W9ii8cBSGjP+72/LnM4n6fo3+dkCX5FeTQruXA==",
      "dependencies": [
        "d",
        "es5-ext"
      ]
    },
    "ext@1.7.0": {
      "integrity": "sha512-6hxeJYaL110a9b5TEJSj0gojyHQAmA2ch5Os+ySCiA1QGdS697XWY1pzsrSjqA9LDEEgdB/KypIlR59RcLuHYw==",
      "dependencies": [
        "type"
      ]
    },
    "follow-redirects@1.16.0": {
      "integrity": "sha512-y5rN/uOsadFT/JfYwhxRS5R7Qce+g3zG97+JrtFZlC9klX/W5hD7iiLzScI4nZqUS7DNUdhPgw4xI8W2LuXlUw=="
    },
    "form-data@4.0.5": {
      "integrity": "sha512-8RipRLol37bNs2bhoV67fiTEvdTrbMUYcFTiy3+wuuOnUog2QBHCZWXDRijWQfAkhBj2Uf5UnVaiWwA5vdd82w==",
      "dependencies": [
        "asynckit",
        "combined-stream",
        "es-set-tostringtag",
        "hasown",
        "mime-types"
      ]
    },
    "function-bind@1.1.2": {
      "integrity": "sha512-7XHNxH7qX9xG5mIwxkhumTox/MIRNcOgDrxWsMt2pAr23WHp6MrRlN7FBSFpCpr+oVO0F744iUgR82nJMfG2SA=="
    },
    "get-intrinsic@1.3.0": {
      "integrity": "sha512-9fSjSaos/fRIVIp+xSJlE6lfwhES7LNtKaCBIamHsjr2na1BiABJPo0mOjjz8GJDURarmCPGqaiVg5mfjb98CQ==",
      "dependencies": [
        "call-bind-apply-helpers",
        "es-define-property",
        "es-errors",
        "es-object-atoms",
        "function-bind",
        "get-proto",
        "gopd",
        "has-symbols",
        "hasown",
        "math-intrinsics"
      ]
    },
    "get-proto@1.0.1": {
      "integrity": "sha512-sTSfBjoXBp89JvIKIefqw7U2CCebsc74kiY6awiGogKtoSGbgjYE/G/+l9sF3MWFPNc9IcoOC4ODfKHfxFmp0g==",
      "dependencies": [
        "dunder-proto",
        "es-object-atoms"
      ]
    },
    "gopd@1.2.0": {
      "integrity": "sha512-ZUKRh6/kUFoAiTAtTYPZJ3hw9wNxx+BIBOijnlG9PnrJsCcSjs1wyyD6vJpaYtgnzDrKYRSqf3OO6Rfa93xsRg=="
    },
    "has-symbols@1.1.0": {
      "integrity": "sha512-1cDNdwJ2Jaohmb3sg4OmKaMBwuC48sYni5HUw2DvsC8LjGTLK9h+eb1X6RyuOHe4hT0ULCW68iomhjUoKUqlPQ=="
    },
    "has-tostringtag@1.0.2": {
      "integrity": "sha512-NqADB8VjPFLM2V0VvHUewwwsw0ZWBaIdgo+ieHtK3hasLz4qeCRjYcqfB6AQrBggRKppKF8L52/VqdVsO47Dlw==",
      "dependencies": [
        "has-symbols"
      ]
    },
    "hasown@2.0.3": {
      "integrity": "sha512-ej4AhfhfL2Q2zpMmLo7U1Uv9+PyhIZpgQLGT1F9miIGmiCJIoCgSmczFdrc97mWT4kVY72KA+WnnhJ5pghSvSg==",
      "dependencies": [
        "function-bind"
      ]
    },
    "iceberg-js@0.8.1": {
      "integrity": "sha512-1dhVQZXhcHje7798IVM+xoo/1ZdVfzOMIc8/rgVSijRK38EDqOJoGula9N/8ZI5RD8QTxNQtK/Gozpr+qUqRRA=="
    },
    "is-typedarray@1.0.0": {
      "integrity": "sha512-cyA56iCMHAh5CdzjJIa4aohJyeO1YbwLi3Jc35MmRU6poroFjIGZzUzupGiRPOjgHg9TLu43xbpwXk523fMxKA=="
    },
    "js-sha3@0.8.0": {
      "integrity": "sha512-gF1cRrHhIzNfToc802P800N8PpXS+evLLXfsVpowqmAFR9uwbi89WvXg2QspOmXL8QL86J4T1EpFu+yUkwJY3Q=="
    },
    "math-intrinsics@1.1.0": {
      "integrity": "sha512-/IXtbwEk5HTPyEwyKX6hGkYXxM9nbj64B+ilVJnC/R6B0pH5G4V3b0pVbL7DBj4tkhBAppbQUlf6F6Xl9LHu1g=="
    },
    "mime-db@1.52.0": {
      "integrity": "sha512-sPU4uV7dYlvtWJxwwxHD0PuihVNiE7TyAbQ5SWxDCB9mUYvOgroQOwYQQOKPJ8CIbE+1ETVlOoK1UC2nU3gYvg=="
    },
    "mime-types@2.1.35": {
      "integrity": "sha512-ZDY+bPm5zTTF+YpCrAU9nK0UgICYPT0QtT1NZWFv4s++TNkcgVaT0g6+4R2uI4MjQjzysHB1zxuWL50hzaeXiw==",
      "dependencies": [
        "mime-db"
      ]
    },
    "ms@2.0.0": {
      "integrity": "sha512-Tpp60P6IUJDTuOq/5Z8cdskzJujfwqfOTkrwIwj7IRISpnkJnT6SyJ4PCPnGMoFjC9ddhal5KVIYtAt97ix05A=="
    },
    "next-tick@1.1.0": {
      "integrity": "sha512-CXdUiJembsNjuToQvxayPZF9Vqht7hewsvy2sOWafLvi2awflj9mOC6bHIg50orX8IJvWKY9wYQ/zB2kogPslQ=="
    },
    "node-gyp-build@4.8.4": {
      "integrity": "sha512-LA4ZjwlnUblHVgq0oBF3Jl/6h/Nvs5fzBLwdEF4nuxnFdsfajde4WfxtJr3CaiH+F6ewcIB/q4jQ4UzPyid+CQ==",
      "bin": true
    },
    "open-jsonrpc-provider@0.2.1": {
      "integrity": "sha512-b+pRxakRwAqp+4OTh2TeH+z2zwVGa0C4fbcwIn6JsZdjd4VBmsp7KfCdmmV3XH8diecwXa5UILCw4IwAtk1DTQ==",
      "dependencies": [
        "axios",
        "reconnecting-websocket",
        "websocket",
        "ws@8.17.1"
      ]
    },
    "reconnecting-websocket@4.4.0": {
      "integrity": "sha512-D2E33ceRPga0NvTDhJmphEgJ7FUYF0v4lr1ki0csq06OdlxKfugGzN0dSkxM/NfqCxYELK4KcaTOUOjTV6Dcng=="
    },
    "tslib@2.4.0": {
      "integrity": "sha512-d6xOpEDfsi2CZVlPQzGeux8XMwLT9hssAsaPYExaQMuYskwb+x1x7J371tWlbBdWHroy99KnVB6qIkUbs5X3UQ=="
    },
    "tslib@2.7.0": {
      "integrity": "sha512-gLXCKdN1/j47AiHiOkJN69hJmcbGTHI0ImLmbYLHykhgeN0jVGola9yVjFgzCUklsZQMW55o+dW7IXv3RCXDzA=="
    },
    "tslib@2.8.1": {
      "integrity": "sha512-oJFu94HQb+KVduSUQL7wnpmqnfmLsOA/nAh6b6EH0wCEoK0/mPeXU6c3wKDV83MkOuHPRHtSXKKU99IBazS/2w=="
    },
    "type@2.7.3": {
      "integrity": "sha512-8j+1QmAbPvLZow5Qpi6NCaN8FB60p/6x8/vfNqOk/hC+HuvFZhL4+WfekuhQLiqFZXOgQdrs3B+XxEmCc6b3FQ=="
    },
    "typedarray-to-buffer@3.1.5": {
      "integrity": "sha512-zdu8XMNEDepKKR+XYOXAVPtWui0ly0NtohUscw+UmaHiAWT8hrV1rr//H6V+0DvJ3OQ19S979M0laLfX8rm82Q==",
      "dependencies": [
        "is-typedarray"
      ]
    },
    "typescript@5.9.3": {
      "integrity": "sha512-jl1vZzPDinLr9eUt3J/t7V6FgNEw9QjvBPdysz9KfQDD41fQrC2Y4vKQdiaUpFT4bXlb1RHhLpp8wtm6M5TgSw==",
      "bin": true
    },
    "undici-types@6.19.8": {
      "integrity": "sha512-ve2KP6f/JnbPBFyobGHuerC9g1FYGn/F8n1LWTwNxCEzd6IfqTwUQcNXgEtmmQ6DlRrC1hrSrBnCZPokRrDHjw=="
    },
    "utf-8-validate@5.0.10": {
      "integrity": "sha512-Z6czzLq4u8fPOyx7TU6X3dvUZVvoJmxSQ+IcrlmagKhilxlhZgxPK6C5Jqbkw1IDUmFTM+cz9QDnnLTwDz/2gQ==",
      "dependencies": [
        "node-gyp-build"
      ],
      "scripts": true
    },
    "websocket@1.0.35": {
      "integrity": "sha512-/REy6amwPZl44DDzvRCkaI1q1bIiQB0mEFQLUrhz3z2EK91cp3n72rAjUlrTP0zV22HJIUOVHQGPxhFRjxjt+Q==",
      "dependencies": [
        "bufferutil",
        "debug",
        "es5-ext",
        "typedarray-to-buffer",
        "utf-8-validate",
        "yaeti"
      ]
    },
    "ws@8.17.1": {
      "integrity": "sha512-6XQFvXTkbfUOZOKKILFG1PDK2NDQs4azKQl26T0YS5CxqWLgXajbPZ+h4gZekJyRqFU8pvnbAbbs/3TgRPy+GQ=="
    },
    "ws@8.5.0": {
      "integrity": "sha512-BWX0SWVgLPzYwF8lTzEy1egjhS4S4OEAHfsO8o65WOVsrnSRGaSiUaa9e0ggGlkMTtBlmOpEXiie9RUcBO86qg=="
    },
    "yaeti@0.0.6": {
      "integrity": "sha512-MvQa//+KcZCUkBTIC9blM+CU9J2GzuTytsOUwf2lidtvkx/6gnEp1QvJv34t9vdjhFmha/mUiNDbN0D0mJWdug==",
      "deprecated": true
    }
  },
  "redirects": {
    "https://esm.sh/@supabase/node-fetch@^2.6.14?target=denonext": "https://esm.sh/@supabase/node-fetch@2.6.15?target=denonext",
    "https://esm.sh/@types/ws@~8.18.1/index.d.mts": "https://esm.sh/@types/ws@8.18.1/index.d.mts",
    "https://esm.sh/bufferutil@^4.0.1?target=denonext": "https://esm.sh/bufferutil@4.1.0?target=denonext",
    "https://esm.sh/node-gyp-build@^4.3.0?target=denonext": "https://esm.sh/node-gyp-build@4.8.4?target=denonext",
    "https://esm.sh/tr46@~0.0.3?target=denonext": "https://esm.sh/tr46@0.0.3?target=denonext",
    "https://esm.sh/utf-8-validate@%3E=5.0.2?target=denonext": "https://esm.sh/utf-8-validate@6.0.6?target=denonext",
    "https://esm.sh/webidl-conversions@^3.0.0?target=denonext": "https://esm.sh/webidl-conversions@3.0.1?target=denonext",
    "https://esm.sh/whatwg-url@^5.0.0?target=denonext": "https://esm.sh/whatwg-url@5.0.0?target=denonext",
    "https://esm.sh/ws@^8.14.2?target=denonext": "https://esm.sh/ws@8.20.0?target=denonext"
  },
  "remote": {
    "https://esm.sh/@supabase/auth-js@2.64.4/denonext/auth-js.mjs": "a72d41796602ae950f8b7b980a629ccb4ac45376f0e510503c7a5e16019f4362",
    "https://esm.sh/@supabase/functions-js@2.4.1/denonext/functions-js.mjs": "0dfa81270bba8ae5af371b273a564203b4625b3a18e70774235b0b46ef40d940",
    "https://esm.sh/@supabase/node-fetch@2.6.15/denonext/node-fetch.mjs": "0bae9052231f4f6dbccc7234d05ea96923dbf967be12f402764580b6bf9f713d",
    "https://esm.sh/@supabase/node-fetch@2.6.15?target=denonext": "4d28c4ad97328403184353f68434f2b6973971507919e9150297413664919cf3",
    "https://esm.sh/@supabase/postgrest-js@1.15.8/denonext/postgrest-js.mjs": "e38ab1fbd1d7ed325e3ddc20c72001d3653151c3d3be3455d682b141321a345d",
    "https://esm.sh/@supabase/realtime-js@2.10.2/denonext/realtime-js.mjs": "3a5a350e881736135ec1bd8c4361c96edeb647d3c56be7cf3a68eddfaf3ce242",
    "https://esm.sh/@supabase/storage-js@2.6.0/denonext/storage-js.mjs": "d3f8b6f5f538cd0d8f88ed0248c3b5dc845d9ca41500589e19fbfc734c8952de",
    "https://esm.sh/@supabase/supabase-js@2.45.0": "36ae57c3f2dc3f94fd122a846b40a87114d29bb2f47e910cb46bee5575febf2e",
    "https://esm.sh/@supabase/supabase-js@2.45.0/denonext/supabase-js.mjs": "59c4845d0798118ff097b3295b5a6f3ef63d18ff4a31bf8125e91b467e0be7a6",
    "https://esm.sh/bufferutil@4.1.0/denonext/bufferutil.mjs": "9b6e81087bdc57848ad1de1f8618ebbace98ebd9ff6cab51260b48c2a045a9c9",
    "https://esm.sh/bufferutil@4.1.0?target=denonext": "aaa2a112199593ccc40da1aedf5124779862ea166afb0a8529f04f907001428a",
    "https://esm.sh/node-gyp-build@4.8.4/denonext/node-gyp-build.mjs": "9a86f2d044fc77bd60aaa3d697c2ba1b818da5fb1b9aaeedec59a40b8e908803",
    "https://esm.sh/node-gyp-build@4.8.4?target=denonext": "261a6cedf1fdbf159798141ba1e2311ac1510682c5c8b55dacc8cf5fdee4aa06",
    "https://esm.sh/tr46@0.0.3/denonext/tr46.mjs": "5753ec0a99414f4055f0c1f97691100f13d88e48a8443b00aebb90a512785fa2",
    "https://esm.sh/tr46@0.0.3?target=denonext": "19cb9be0f0d418a0c3abb81f2df31f080e9540a04e43b0f699bce1149cba0cbb",
    "https://esm.sh/utf-8-validate@6.0.6/denonext/utf-8-validate.mjs": "4a41983aa887625615f52a52b53c223d8f16c74e52a6bd41b2c361894c07f878",
    "https://esm.sh/utf-8-validate@6.0.6?target=denonext": "8afa4e097093160323f232f971ca61474d22ccafdac8025e4e4f66ab4e07b2c4",
    "https://esm.sh/webidl-conversions@3.0.1/denonext/webidl-conversions.mjs": "238cd0743827707cbc1c2d7c2cf1027dbc536fb53ec9a3fde0ff8026a3ac5385",
    "https://esm.sh/webidl-conversions@3.0.1?target=denonext": "4e20318d50528084616c79d7b3f6e7f0fe7b6d09013bd01b3974d7448d767e29",
    "https://esm.sh/whatwg-url@5.0.0/denonext/whatwg-url.mjs": "29b16d74ee72624c915745bbd25b617cfd2248c6af0f5120d131e232a9a9af79",
    "https://esm.sh/whatwg-url@5.0.0?target=denonext": "f001a2cadf81312d214ca330033f474e74d81a003e21e8c5d70a1f46dc97b02d",
    "https://esm.sh/ws@8.20.0/denonext/ws.mjs": "8f99f7c486b2200e4fcf9449bdc4f2cd612edb2db751b7e8e7ebb5c0a2338d31",
    "https://esm.sh/ws@8.20.0?target=denonext": "effaa9bb90113d428c29c9b80d5783c9d0717da4ade0a31590a439fd2dac4509"
  },
  "workspace": {
    "packageJson": {
      "dependencies": [
        "npm:@0gfoundation/0g-ts-sdk@1.2.8",
        "npm:@supabase/supabase-js@^2.45.0",
        "npm:ethers@^6.16.0",
        "npm:typescript@^5.5.0"
      ]
    }
  }
}
